
Microsoft Visual Studio Solution File, Format Version 12.00
# Visual Studio Version 16
VisualStudioVersion = 16.0.28803.202
MinimumVisualStudioVersion = 10.0.40219.1
Project("{FAE04EC0-301F-11D3-BF4B-00C04F79EFBC}") = "QuestõesSimulaVest", "QuestõesSimulaVest\QuestõesSimulaVest.csproj", "{4162A8AE-9BD0-4321-A71E-53299020163B}"
EndProject
Global
	GlobalSection(SolutionConfigurationPlatforms) = preSolution
		Debug|Any CPU = Debug|Any CPU
		Release|Any CPU = Release|Any CPU
	EndGlobalSection
	GlobalSection(ProjectConfigurationPlatforms) = postSolution
		{4162A8AE-9BD0-4321-A71E-53299020163B}.Debug|Any CPU.ActiveCfg = Debug|Any CPU
		{4162A8AE-9BD0-4321-A71E-53299020163B}.Debug|Any CPU.Build.0 = Debug|Any CPU
		{4162A8AE-9BD0-4321-A71E-53299020163B}.Release|Any CPU.ActiveCfg = Release|Any CPU
		{4162A8AE-9BD0-4321-A71E-53299020163B}.Release|Any CPU.Build.0 = Release|Any CPU
	EndGlobalSection
	GlobalSection(SolutionProperties) = preSolution
		HideSolutionNode = FALSE
	EndGlobalSection
	GlobalSection(ExtensibilityGlobals) = postSolution
		SolutionGuid = {F85571BE-DDD4-4256-A60D-EDE6D8F8A331}
	EndGlobalSection
EndGlobal
